
Microsoft Visual Studio Solution File, Format Version 12.00
# Visual Studio Version 17
VisualStudioVersion = 17.0.32014.148
MinimumVisualStudioVersion = 10.0.40219.1
Project("{2150E333-8FDC-42A3-9474-1A3956D46DE8}") = "GrokkingAlgorithms", "GrokkingAlgorithms", "{E8676C9D-41B6-4831-A14D-6AAE5493DBAE}"
EndProject
Project("{9A19103F-16F7-4668-BE54-9A1E7A4F7556}") = "01.BinarySearch", "GrokkingAlgorithms\01.BinarySearch\01.BinarySearch.csproj", "{47DDB82E-7CCC-4222-B48C-044C38F695CF}"
EndProject
Project("{9A19103F-16F7-4668-BE54-9A1E7A4F7556}") = "01.BinarySearch.Tests", "GrokkingAlgorithms\01.BinarySearch.Tests\01.BinarySearch.Tests.csproj", "{4FCAB742-E4CF-4F19-B3D9-F5EE3A9A2099}"
EndProject
Project("{9A19103F-16F7-4668-BE54-9A1E7A4F7556}") = "02.SelectionSort", "GrokkingAlgorithms\02.SelectionSort\02.SelectionSort.csproj", "{5ECEA5AB-2E60-4AF9-9A82-E8DFF96EF24E}"
EndProject
Project("{9A19103F-16F7-4668-BE54-9A1E7A4F7556}") = "02.SelectionSort.Tests", "GrokkingAlgorithms\02.SelectionSort.Tests\02.SelectionSort.Tests.csproj", "{DBA4232B-1A40-4E89-9406-B5CB76495C3C}"
EndProject
Project("{9A19103F-16F7-4668-BE54-9A1E7A4F7556}") = "03.Recursion", "GrokkingAlgorithms\03.Recursion\03.Recursion.csproj", "{FEA66A71-45AE-4082-B047-EA2A27A70862}"
EndProject
Project("{9A19103F-16F7-4668-BE54-9A1E7A4F7556}") = "03.Recursion.Tests", "GrokkingAlgorithms\03.Recursion.Tests\03.Recursion.Tests.csproj", "{87DB95D8-079F-4421-8619-CB916A7FC148}"
EndProject
Project("{9A19103F-16F7-4668-BE54-9A1E7A4F7556}") = "04.DivideAndConquer", "GrokkingAlgorithms\04.DivideAndConquer\04.DivideAndConquer.csproj", "{F8F7B459-2880-42CC-8425-311AC4D390B3}"
EndProject
Project("{9A19103F-16F7-4668-BE54-9A1E7A4F7556}") = "04.DivideAndConquer.Tests", "GrokkingAlgorithms\04.DivideAndConquer.Tests\04.DivideAndConquer.Tests.csproj", "{9C7C473D-0F39-4333-B951-61E39E23258F}"
EndProject
Project("{9A19103F-16F7-4668-BE54-9A1E7A4F7556}") = "04.QuickSort", "GrokkingAlgorithms\04.QuickSort\04.QuickSort.csproj", "{8ECEF3AA-A82A-49FD-A5A7-37A7ED432D30}"
EndProject
Project("{9A19103F-16F7-4668-BE54-9A1E7A4F7556}") = "04.QuickSort.Tests", "GrokkingAlgorithms\04.QuickSort.Tests\04.QuickSort.Tests.csproj", "{0174CF76-1A51-4AC9-95C7-70473F34BA74}"
EndProject
Project("{9A19103F-16F7-4668-BE54-9A1E7A4F7556}") = "06.BreadthFirstSearch", "GrokkingAlgorithms\06.BreadthFirstSearch\06.BreadthFirstSearch.csproj", "{688B89E2-2A9F-4F7F-B66B-5145D5F63087}"
EndProject
Project("{9A19103F-16F7-4668-BE54-9A1E7A4F7556}") = "06.BreadthFirstSearch.Tests", "GrokkingAlgorithms\06.BreadthFirstSearch.Tests\06.BreadthFirstSearch.Tests.csproj", "{6F6BAE5D-3A2F-4997-AA16-D2A2E13496DD}"
EndProject
Project("{9A19103F-16F7-4668-BE54-9A1E7A4F7556}") = "07.DijkstraAlgorithm", "GrokkingAlgorithms\07.DijkstraAlgorithm\07.DijkstraAlgorithm.csproj", "{0E9D28BA-9A81-4C33-84B9-07DF2C0F88FF}"
EndProject
Project("{9A19103F-16F7-4668-BE54-9A1E7A4F7556}") = "07.DijkstraAlgorithm.Tests", "GrokkingAlgorithms\07.DijkstraAlgorithm.Tests\07.DijkstraAlgorithm.Tests.csproj", "{B2DEBF79-5D61-4710-A30E-9779157AAB3D}"
EndProject
Project("{9A19103F-16F7-4668-BE54-9A1E7A4F7556}") = "02.InsertionSort", "GrokkingAlgorithms\02.InsertionSort\02.InsertionSort.csproj", "{9075480A-672B-4766-A8BD-D3DE34BC8E85}"
EndProject
Project("{9A19103F-16F7-4668-BE54-9A1E7A4F7556}") = "02.InsertionSort.Tests", "GrokkingAlgorithms\02.InsertionSort.Tests\02.InsertionSort.Tests.csproj", "{91CE8122-A9A8-4C79-9B10-2E19188A2214}"
EndProject
Project("{9A19103F-16F7-4668-BE54-9A1E7A4F7556}") = "04.MergeSort", "GrokkingAlgorithms\04.MergeSort\04.MergeSort.csproj", "{CECB8879-E07E-453D-9980-FB89935E6DA2}"
EndProject
Project("{9A19103F-16F7-4668-BE54-9A1E7A4F7556}") = "04.MergeSort.Tests", "GrokkingAlgorithms\04.MergeSort.Tests\04.MergeSort.Tests.csproj", "{1289AFAE-CD4F-42C6-89B1-23E6592E407E}"
EndProject
Project("{2150E333-8FDC-42A3-9474-1A3956D46DE8}") = "AdvancedAlgorithmsAndDataStructures", "AdvancedAlgorithmsAndDataStructures", "{BE2E1E98-9003-4A33-A289-ABFD8D44F1B4}"
EndProject
Project("{2150E333-8FDC-42A3-9474-1A3956D46DE8}") = "Ch.02", "Ch.02", "{055476EB-339B-4905-B2C9-0AC753515E21}"
EndProject
Project("{FAE04EC0-301F-11D3-BF4B-00C04F79EFBC}") = "Heap", "AdvancedAlgorithmsAndDataStructures\Ch.02\Heap\Heap.csproj", "{71A1A200-688D-419D-8197-3E84E4AE3C4A}"
EndProject
Project("{FAE04EC0-301F-11D3-BF4B-00C04F79EFBC}") = "Heap.Tests", "AdvancedAlgorithmsAndDataStructures\Ch.02\Heap.Tests\Heap.Tests.csproj", "{BE90D097-BA6F-4297-A942-0364565C05D6}"
EndProject
Global
	GlobalSection(SolutionConfigurationPlatforms) = preSolution
		Debug|Any CPU = Debug|Any CPU
		Release|Any CPU = Release|Any CPU
	EndGlobalSection
	GlobalSection(ProjectConfigurationPlatforms) = postSolution
		{47DDB82E-7CCC-4222-B48C-044C38F695CF}.Debug|Any CPU.ActiveCfg = Debug|Any CPU
		{47DDB82E-7CCC-4222-B48C-044C38F695CF}.Debug|Any CPU.Build.0 = Debug|Any CPU
		{47DDB82E-7CCC-4222-B48C-044C38F695CF}.Release|Any CPU.ActiveCfg = Release|Any CPU
		{47DDB82E-7CCC-4222-B48C-044C38F695CF}.Release|Any CPU.Build.0 = Release|Any CPU
		{4FCAB742-E4CF-4F19-B3D9-F5EE3A9A2099}.Debug|Any CPU.ActiveCfg = Debug|Any CPU
		{4FCAB742-E4CF-4F19-B3D9-F5EE3A9A2099}.Debug|Any CPU.Build.0 = Debug|Any CPU
		{4FCAB742-E4CF-4F19-B3D9-F5EE3A9A2099}.Release|Any CPU.ActiveCfg = Release|Any CPU
		{4FCAB742-E4CF-4F19-B3D9-F5EE3A9A2099}.Release|Any CPU.Build.0 = Release|Any CPU
		{5ECEA5AB-2E60-4AF9-9A82-E8DFF96EF24E}.Debug|Any CPU.ActiveCfg = Debug|Any CPU
		{5ECEA5AB-2E60-4AF9-9A82-E8DFF96EF24E}.Debug|Any CPU.Build.0 = Debug|Any CPU
		{5ECEA5AB-2E60-4AF9-9A82-E8DFF96EF24E}.Release|Any CPU.ActiveCfg = Release|Any CPU
		{5ECEA5AB-2E60-4AF9-9A82-E8DFF96EF24E}.Release|Any CPU.Build.0 = Release|Any CPU
		{DBA4232B-1A40-4E89-9406-B5CB76495C3C}.Debug|Any CPU.ActiveCfg = Debug|Any CPU
		{DBA4232B-1A40-4E89-9406-B5CB76495C3C}.Debug|Any CPU.Build.0 = Debug|Any CPU
		{DBA4232B-1A40-4E89-9406-B5CB76495C3C}.Release|Any CPU.ActiveCfg = Release|Any CPU
		{DBA4232B-1A40-4E89-9406-B5CB76495C3C}.Release|Any CPU.Build.0 = Release|Any CPU
		{FEA66A71-45AE-4082-B047-EA2A27A70862}.Debug|Any CPU.ActiveCfg = Debug|Any CPU
		{FEA66A71-45AE-4082-B047-EA2A27A70862}.Debug|Any CPU.Build.0 = Debug|Any CPU
		{FEA66A71-45AE-4082-B047-EA2A27A70862}.Release|Any CPU.ActiveCfg = Release|Any CPU
		{FEA66A71-45AE-4082-B047-EA2A27A70862}.Release|Any CPU.Build.0 = Release|Any CPU
		{87DB95D8-079F-4421-8619-CB916A7FC148}.Debug|Any CPU.ActiveCfg = Debug|Any CPU
		{87DB95D8-079F-4421-8619-CB916A7FC148}.Debug|Any CPU.Build.0 = Debug|Any CPU
		{87DB95D8-079F-4421-8619-CB916A7FC148}.Release|Any CPU.ActiveCfg = Release|Any CPU
		{87DB95D8-079F-4421-8619-CB916A7FC148}.Release|Any CPU.Build.0 = Release|Any CPU
		{F8F7B459-2880-42CC-8425-311AC4D390B3}.Debug|Any CPU.ActiveCfg = Debug|Any CPU
		{F8F7B459-2880-42CC-8425-311AC4D390B3}.Debug|Any CPU.Build.0 = Debug|Any CPU
		{F8F7B459-2880-42CC-8425-311AC4D390B3}.Release|Any CPU.ActiveCfg = Release|Any CPU
		{F8F7B459-2880-42CC-8425-311AC4D390B3}.Release|Any CPU.Build.0 = Release|Any CPU
		{9C7C473D-0F39-4333-B951-61E39E23258F}.Debug|Any CPU.ActiveCfg = Debug|Any CPU
		{9C7C473D-0F39-4333-B951-61E39E23258F}.Debug|Any CPU.Build.0 = Debug|Any CPU
		{9C7C473D-0F39-4333-B951-61E39E23258F}.Release|Any CPU.ActiveCfg = Release|Any CPU
		{9C7C473D-0F39-4333-B951-61E39E23258F}.Release|Any CPU.Build.0 = Release|Any CPU
		{8ECEF3AA-A82A-49FD-A5A7-37A7ED432D30}.Debug|Any CPU.ActiveCfg = Debug|Any CPU
		{8ECEF3AA-A82A-49FD-A5A7-37A7ED432D30}.Debug|Any CPU.Build.0 = Debug|Any CPU
		{8ECEF3AA-A82A-49FD-A5A7-37A7ED432D30}.Release|Any CPU.ActiveCfg = Release|Any CPU
		{8ECEF3AA-A82A-49FD-A5A7-37A7ED432D30}.Release|Any CPU.Build.0 = Release|Any CPU
		{0174CF76-1A51-4AC9-95C7-70473F34BA74}.Debug|Any CPU.ActiveCfg = Debug|Any CPU
		{0174CF76-1A51-4AC9-95C7-70473F34BA74}.Debug|Any CPU.Build.0 = Debug|Any CPU
		{0174CF76-1A51-4AC9-95C7-70473F34BA74}.Release|Any CPU.ActiveCfg = Release|Any CPU
		{0174CF76-1A51-4AC9-95C7-70473F34BA74}.Release|Any CPU.Build.0 = Release|Any CPU
		{688B89E2-2A9F-4F7F-B66B-5145D5F63087}.Debug|Any CPU.ActiveCfg = Debug|Any CPU
		{688B89E2-2A9F-4F7F-B66B-5145D5F63087}.Debug|Any CPU.Build.0 = Debug|Any CPU
		{688B89E2-2A9F-4F7F-B66B-5145D5F63087}.Release|Any CPU.ActiveCfg = Release|Any CPU
		{688B89E2-2A9F-4F7F-B66B-5145D5F63087}.Release|Any CPU.Build.0 = Release|Any CPU
		{6F6BAE5D-3A2F-4997-AA16-D2A2E13496DD}.Debug|Any CPU.ActiveCfg = Debug|Any CPU
		{6F6BAE5D-3A2F-4997-AA16-D2A2E13496DD}.Debug|Any CPU.Build.0 = Debug|Any CPU
		{6F6BAE5D-3A2F-4997-AA16-D2A2E13496DD}.Release|Any CPU.ActiveCfg = Release|Any CPU
		{6F6BAE5D-3A2F-4997-AA16-D2A2E13496DD}.Release|Any CPU.Build.0 = Release|Any CPU
		{0E9D28BA-9A81-4C33-84B9-07DF2C0F88FF}.Debug|Any CPU.ActiveCfg = Debug|Any CPU
		{0E9D28BA-9A81-4C33-84B9-07DF2C0F88FF}.Debug|Any CPU.Build.0 = Debug|Any CPU
		{0E9D28BA-9A81-4C33-84B9-07DF2C0F88FF}.Release|Any CPU.ActiveCfg = Release|Any CPU
		{0E9D28BA-9A81-4C33-84B9-07DF2C0F88FF}.Release|Any CPU.Build.0 = Release|Any CPU
		{B2DEBF79-5D61-4710-A30E-9779157AAB3D}.Debug|Any CPU.ActiveCfg = Debug|Any CPU
		{B2DEBF79-5D61-4710-A30E-9779157AAB3D}.Debug|Any CPU.Build.0 = Debug|Any CPU
		{B2DEBF79-5D61-4710-A30E-9779157AAB3D}.Release|Any CPU.ActiveCfg = Release|Any CPU
		{B2DEBF79-5D61-4710-A30E-9779157AAB3D}.Release|Any CPU.Build.0 = Release|Any CPU
		{9075480A-672B-4766-A8BD-D3DE34BC8E85}.Debug|Any CPU.ActiveCfg = Debug|Any CPU
		{9075480A-672B-4766-A8BD-D3DE34BC8E85}.Debug|Any CPU.Build.0 = Debug|Any CPU
		{9075480A-672B-4766-A8BD-D3DE34BC8E85}.Release|Any CPU.ActiveCfg = Release|Any CPU
		{9075480A-672B-4766-A8BD-D3DE34BC8E85}.Release|Any CPU.Build.0 = Release|Any CPU
		{91CE8122-A9A8-4C79-9B10-2E19188A2214}.Debug|Any CPU.ActiveCfg = Debug|Any CPU
		{91CE8122-A9A8-4C79-9B10-2E19188A2214}.Debug|Any CPU.Build.0 = Debug|Any CPU
		{91CE8122-A9A8-4C79-9B10-2E19188A2214}.Release|Any CPU.ActiveCfg = Release|Any CPU
		{91CE8122-A9A8-4C79-9B10-2E19188A2214}.Release|Any CPU.Build.0 = Release|Any CPU
		{CECB8879-E07E-453D-9980-FB89935E6DA2}.Debug|Any CPU.ActiveCfg = Debug|Any CPU
		{CECB8879-E07E-453D-9980-FB89935E6DA2}.Debug|Any CPU.Build.0 = Debug|Any CPU
		{CECB8879-E07E-453D-9980-FB89935E6DA2}.Release|Any CPU.ActiveCfg = Release|Any CPU
		{CECB8879-E07E-453D-9980-FB89935E6DA2}.Release|Any CPU.Build.0 = Release|Any CPU
		{1289AFAE-CD4F-42C6-89B1-23E6592E407E}.Debug|Any CPU.ActiveCfg = Debug|Any CPU
		{1289AFAE-CD4F-42C6-89B1-23E6592E407E}.Debug|Any CPU.Build.0 = Debug|Any CPU
		{1289AFAE-CD4F-42C6-89B1-23E6592E407E}.Release|Any CPU.ActiveCfg = Release|Any CPU
		{1289AFAE-CD4F-42C6-89B1-23E6592E407E}.Release|Any CPU.Build.0 = Release|Any CPU
		{71A1A200-688D-419D-8197-3E84E4AE3C4A}.Debug|Any CPU.ActiveCfg = Debug|Any CPU
		{71A1A200-688D-419D-8197-3E84E4AE3C4A}.Debug|Any CPU.Build.0 = Debug|Any CPU
		{71A1A200-688D-419D-8197-3E84E4AE3C4A}.Release|Any CPU.ActiveCfg = Release|Any CPU
		{71A1A200-688D-419D-8197-3E84E4AE3C4A}.Release|Any CPU.Build.0 = Release|Any CPU
		{BE90D097-BA6F-4297-A942-0364565C05D6}.Debug|Any CPU.ActiveCfg = Debug|Any CPU
		{BE90D097-BA6F-4297-A942-0364565C05D6}.Debug|Any CPU.Build.0 = Debug|Any CPU
		{BE90D097-BA6F-4297-A942-0364565C05D6}.Release|Any CPU.ActiveCfg = Release|Any CPU
		{BE90D097-BA6F-4297-A942-0364565C05D6}.Release|Any CPU.Build.0 = Release|Any CPU
	EndGlobalSection
	GlobalSection(SolutionProperties) = preSolution
		HideSolutionNode = FALSE
	EndGlobalSection
	GlobalSection(NestedProjects) = preSolution
		{47DDB82E-7CCC-4222-B48C-044C38F695CF} = {E8676C9D-41B6-4831-A14D-6AAE5493DBAE}
		{4FCAB742-E4CF-4F19-B3D9-F5EE3A9A2099} = {E8676C9D-41B6-4831-A14D-6AAE5493DBAE}
		{5ECEA5AB-2E60-4AF9-9A82-E8DFF96EF24E} = {E8676C9D-41B6-4831-A14D-6AAE5493DBAE}
		{DBA4232B-1A40-4E89-9406-B5CB76495C3C} = {E8676C9D-41B6-4831-A14D-6AAE5493DBAE}
		{FEA66A71-45AE-4082-B047-EA2A27A70862} = {E8676C9D-41B6-4831-A14D-6AAE5493DBAE}
		{87DB95D8-079F-4421-8619-CB916A7FC148} = {E8676C9D-41B6-4831-A14D-6AAE5493DBAE}
		{F8F7B459-2880-42CC-8425-311AC4D390B3} = {E8676C9D-41B6-4831-A14D-6AAE5493DBAE}
		{9C7C473D-0F39-4333-B951-61E39E23258F} = {E8676C9D-41B6-4831-A14D-6AAE5493DBAE}
		{8ECEF3AA-A82A-49FD-A5A7-37A7ED432D30} = {E8676C9D-41B6-4831-A14D-6AAE5493DBAE}
		{0174CF76-1A51-4AC9-95C7-70473F34BA74} = {E8676C9D-41B6-4831-A14D-6AAE5493DBAE}
		{688B89E2-2A9F-4F7F-B66B-5145D5F63087} = {E8676C9D-41B6-4831-A14D-6AAE5493DBAE}
		{6F6BAE5D-3A2F-4997-AA16-D2A2E13496DD} = {E8676C9D-41B6-4831-A14D-6AAE5493DBAE}
		{0E9D28BA-9A81-4C33-84B9-07DF2C0F88FF} = {E8676C9D-41B6-4831-A14D-6AAE5493DBAE}
		{B2DEBF79-5D61-4710-A30E-9779157AAB3D} = {E8676C9D-41B6-4831-A14D-6AAE5493DBAE}
		{9075480A-672B-4766-A8BD-D3DE34BC8E85} = {E8676C9D-41B6-4831-A14D-6AAE5493DBAE}
		{91CE8122-A9A8-4C79-9B10-2E19188A2214} = {E8676C9D-41B6-4831-A14D-6AAE5493DBAE}
		{CECB8879-E07E-453D-9980-FB89935E6DA2} = {E8676C9D-41B6-4831-A14D-6AAE5493DBAE}
		{1289AFAE-CD4F-42C6-89B1-23E6592E407E} = {E8676C9D-41B6-4831-A14D-6AAE5493DBAE}
		{055476EB-339B-4905-B2C9-0AC753515E21} = {BE2E1E98-9003-4A33-A289-ABFD8D44F1B4}
		{71A1A200-688D-419D-8197-3E84E4AE3C4A} = {055476EB-339B-4905-B2C9-0AC753515E21}
		{BE90D097-BA6F-4297-A942-0364565C05D6} = {055476EB-339B-4905-B2C9-0AC753515E21}
	EndGlobalSection
	GlobalSection(ExtensibilityGlobals) = postSolution
		SolutionGuid = {4379753A-5A0C-40FD-802A-0295714DD02F}
	EndGlobalSection
EndGlobal
